
Microsoft Visual Studio Solution File, Format Version 12.00
# Visual Studio Version 16
VisualStudioVersion = 16.0.29519.87
MinimumVisualStudioVersion = 10.0.40219.1
Project("{F184B08F-C81C-45F6-A57F-5ABD9991F28F}") = "GolfathonAssignment2", "GolfathonAssignment2.vbproj", "{AB6830AE-CBEC-46AB-AF63-D49E3E516CE0}"
EndProject
Global
	GlobalSection(SolutionConfigurationPlatforms) = preSolution
		Debug|Any CPU = Debug|Any CPU
		Release|Any CPU = Release|Any CPU
	EndGlobalSection
	GlobalSection(ProjectConfigurationPlatforms) = postSolution
		{AB6830AE-CBEC-46AB-AF63-D49E3E516CE0}.Debug|Any CPU.ActiveCfg = Debug|Any CPU
		{AB6830AE-CBEC-46AB-AF63-D49E3E516CE0}.Debug|Any CPU.Build.0 = Debug|Any CPU
		{AB6830AE-CBEC-46AB-AF63-D49E3E516CE0}.Release|Any CPU.ActiveCfg = Release|Any CPU
		{AB6830AE-CBEC-46AB-AF63-D49E3E516CE0}.Release|Any CPU.Build.0 = Release|Any CPU
	EndGlobalSection
	GlobalSection(SolutionProperties) = preSolution
		HideSolutionNode = FALSE
	EndGlobalSection
	GlobalSection(ExtensibilityGlobals) = postSolution
		SolutionGuid = {E0C0F04A-AC41-497C-B220-F0DAF989EAA0}
	EndGlobalSection
EndGlobal
